# This file is autogenerated, do not edit; changes may be undone by the next 'dep ensure'.


[[projects]]
  branch = "master"
  name = "github.com/Ronmi/pastebin"
  packages = ["."]
  revision = "d50a74f2ce07c9470c64b4205970a8e3023abdfb"

[[projects]]
  branch = "master"
  name = "github.com/gotk3/gotk3"
  packages = [
    "cairo",
    "gdk",
    "glib",
    "gtk",
    "pango"
  ]
  revision = "27f8bc89d917246e22d64a5992ac5688878b6435"

[[projects]]
  branch = "v2"
  name = "gopkg.in/yaml.v2"
  packages = ["."]
  revision = "d670f9405373e636a5a2765eea47fac0c9bc91a4"

[solve-meta]
  analyzer-name = "dep"
  analyzer-version = 1
  inputs-digest = "303188d933e7ed10e709aa1d1cc07a22750f5c9de52f7da27d9cf78a8216e6e7"
  solver-name = "gps-cdcl"
  solver-version = 1
