# This file is autogenerated, do not edit; changes may be undone by the next 'dep ensure'.


[[projects]]
  branch = "master"
  name = "github.com/Ronmi/pastebin"
  packages = ["."]
  revision = "b596929536482b5b2a4136034e13e98493459887"

[[projects]]
  branch = "master"
  name = "github.com/gotk3/gotk3"
  packages = [
    "cairo",
    "gdk",
    "glib",
    "gtk",
    "pango"
  ]
  revision = "27f8bc89d917246e22d64a5992ac5688878b6435"

[[projects]]
  branch = "v2"
  name = "gopkg.in/yaml.v2"
  packages = ["."]
  revision = "d670f9405373e636a5a2765eea47fac0c9bc91a4"

[solve-meta]
  analyzer-name = "dep"
  analyzer-version = 1
  inputs-digest = "ed8a8bc614e2f5fab5258c8cfab3465a94c2bf6e2c622aca14b6f72f95073a76"
  solver-name = "gps-cdcl"
  solver-version = 1
